
Microsoft Visual Studio Solution File, Format Version 12.00
# Visual Studio 15
VisualStudioVersion = 15.0.28307.757
MinimumVisualStudioVersion = 10.0.40219.1
Project("{8BC9CEB8-8B4A-11D0-8D11-00A0C91BC942}") = "WindowsProject1", "WindowsProject1.vcxproj", "{324563D8-73D9-4167-9E12-0C017DA0C7B4}"
EndProject
Global
	GlobalSection(SolutionConfigurationPlatforms) = preSolution
		Debug|x64 = Debug|x64
		Debug|x86 = Debug|x86
		Release|x64 = Release|x64
		Release|x86 = Release|x86
	EndGlobalSection
	GlobalSection(ProjectConfigurationPlatforms) = postSolution
		{324563D8-73D9-4167-9E12-0C017DA0C7B4}.Debug|x64.ActiveCfg = Debug|x64
		{324563D8-73D9-4167-9E12-0C017DA0C7B4}.Debug|x64.Build.0 = Debug|x64
		{324563D8-73D9-4167-9E12-0C017DA0C7B4}.Debug|x86.ActiveCfg = Debug|Win32
		{324563D8-73D9-4167-9E12-0C017DA0C7B4}.Debug|x86.Build.0 = Debug|Win32
		{324563D8-73D9-4167-9E12-0C017DA0C7B4}.Release|x64.ActiveCfg = Release|x64
		{324563D8-73D9-4167-9E12-0C017DA0C7B4}.Release|x64.Build.0 = Release|x64
		{324563D8-73D9-4167-9E12-0C017DA0C7B4}.Release|x86.ActiveCfg = Release|Win32
		{324563D8-73D9-4167-9E12-0C017DA0C7B4}.Release|x86.Build.0 = Release|Win32
	EndGlobalSection
	GlobalSection(SolutionProperties) = preSolution
		HideSolutionNode = FALSE
	EndGlobalSection
	GlobalSection(ExtensibilityGlobals) = postSolution
		SolutionGuid = {9BC0D2E8-584D-409F-A409-0D789F35CB36}
	EndGlobalSection
EndGlobal
